
Microsoft Visual Studio Solution File, Format Version 12.00
# Visual Studio Version 16
VisualStudioVersion = 16.0.31112.23
MinimumVisualStudioVersion = 10.0.40219.1
Project("{FAE04EC0-301F-11D3-BF4B-00C04F79EFBC}") = "DelegadoSimpleUI", "DelegadoSimpleUI\DelegadoSimpleUI.csproj", "{6F90977E-B4A3-4F9F-BCBF-9E144B031728}"
EndProject
Project("{FAE04EC0-301F-11D3-BF4B-00C04F79EFBC}") = "DelegadoSimpleConsola", "DelegadoSimpleConsola\DelegadoSimpleConsola.csproj", "{117E4B3F-35DA-465F-811E-167B5613C112}"
EndProject
Project("{FAE04EC0-301F-11D3-BF4B-00C04F79EFBC}") = "Entidades", "Entidades\Entidades.csproj", "{E1102138-1B26-4954-B3AF-6188F6B16840}"
EndProject
Global
	GlobalSection(SolutionConfigurationPlatforms) = preSolution
		Debug|Any CPU = Debug|Any CPU
		Release|Any CPU = Release|Any CPU
	EndGlobalSection
	GlobalSection(ProjectConfigurationPlatforms) = postSolution
		{6F90977E-B4A3-4F9F-BCBF-9E144B031728}.Debug|Any CPU.ActiveCfg = Debug|Any CPU
		{6F90977E-B4A3-4F9F-BCBF-9E144B031728}.Debug|Any CPU.Build.0 = Debug|Any CPU
		{6F90977E-B4A3-4F9F-BCBF-9E144B031728}.Release|Any CPU.ActiveCfg = Release|Any CPU
		{6F90977E-B4A3-4F9F-BCBF-9E144B031728}.Release|Any CPU.Build.0 = Release|Any CPU
		{117E4B3F-35DA-465F-811E-167B5613C112}.Debug|Any CPU.ActiveCfg = Debug|Any CPU
		{117E4B3F-35DA-465F-811E-167B5613C112}.Debug|Any CPU.Build.0 = Debug|Any CPU
		{117E4B3F-35DA-465F-811E-167B5613C112}.Release|Any CPU.ActiveCfg = Release|Any CPU
		{117E4B3F-35DA-465F-811E-167B5613C112}.Release|Any CPU.Build.0 = Release|Any CPU
		{E1102138-1B26-4954-B3AF-6188F6B16840}.Debug|Any CPU.ActiveCfg = Debug|Any CPU
		{E1102138-1B26-4954-B3AF-6188F6B16840}.Debug|Any CPU.Build.0 = Debug|Any CPU
		{E1102138-1B26-4954-B3AF-6188F6B16840}.Release|Any CPU.ActiveCfg = Release|Any CPU
		{E1102138-1B26-4954-B3AF-6188F6B16840}.Release|Any CPU.Build.0 = Release|Any CPU
	EndGlobalSection
	GlobalSection(SolutionProperties) = preSolution
		HideSolutionNode = FALSE
	EndGlobalSection
	GlobalSection(ExtensibilityGlobals) = postSolution
		SolutionGuid = {A6E962AC-E7FA-4BCC-A5A8-F3C150199455}
	EndGlobalSection
EndGlobal
